
Microsoft Visual Studio Solution File, Format Version 12.00
# Visual Studio Version 17
VisualStudioVersion = 17.9.34714.143
MinimumVisualStudioVersion = 10.0.40219.1
Project("{FAE04EC0-301F-11D3-BF4B-00C04F79EFBC}") = "DeliveryApp", "DeliveryApp.csproj", "{269400D8-C0BE-4FC2-97D4-3939CC56973B}"
EndProject
Global
	GlobalSection(SolutionConfigurationPlatforms) = preSolution
		Debug|Any CPU = Debug|Any CPU
		Release|Any CPU = Release|Any CPU
	EndGlobalSection
	GlobalSection(ProjectConfigurationPlatforms) = postSolution
		{269400D8-C0BE-4FC2-97D4-3939CC56973B}.Debug|Any CPU.ActiveCfg = Debug|Any CPU
		{269400D8-C0BE-4FC2-97D4-3939CC56973B}.Debug|Any CPU.Build.0 = Debug|Any CPU
		{269400D8-C0BE-4FC2-97D4-3939CC56973B}.Release|Any CPU.ActiveCfg = Release|Any CPU
		{269400D8-C0BE-4FC2-97D4-3939CC56973B}.Release|Any CPU.Build.0 = Release|Any CPU
	EndGlobalSection
	GlobalSection(SolutionProperties) = preSolution
		HideSolutionNode = FALSE
	EndGlobalSection
	GlobalSection(ExtensibilityGlobals) = postSolution
		SolutionGuid = {05AB6431-42A2-493D-B873-EF2EB6F07581}
	EndGlobalSection
EndGlobal
